
Microsoft Visual Studio Solution File, Format Version 12.00
# Visual Studio Version 17
VisualStudioVersion = 17.0.31903.59
MinimumVisualStudioVersion = 10.0.40219.1
Project("{FAE04EC0-301F-11D3-BF4B-00C04F79EFBC}") = "API.Domain", "API.Domain\API.Domain.csproj", "{0BBCEB89-255C-4E84-8CBB-86E554AE9959}"
EndProject
Project("{FAE04EC0-301F-11D3-BF4B-00C04F79EFBC}") = "API.Application", "API.Application\API.Application.csproj", "{00F5E5CB-262B-4547-BBD4-A0F6C76B3C8C}"
EndProject
Project("{FAE04EC0-301F-11D3-BF4B-00C04F79EFBC}") = "API.Infrastructure", "API.Infrastructure\API.Infrastructure.csproj", "{C73C9C6B-5F33-4D0F-896B-99AABC86FC07}"
EndProject
Project("{FAE04EC0-301F-11D3-BF4B-00C04F79EFBC}") = "API.API", "API.API\API.API.csproj", "{0D2E0A1D-1CA0-41CF-8F90-4BB61E557441}"
EndProject
Project("{FAE04EC0-301F-11D3-BF4B-00C04F79EFBC}") = "API.Tests", "API.Tests\API.Tests.csproj", "{CC78144B-243C-4C34-B6F9-EDC69D68582C}"
EndProject
Global
	GlobalSection(SolutionConfigurationPlatforms) = preSolution
		Debug|Any CPU = Debug|Any CPU
		Release|Any CPU = Release|Any CPU
	EndGlobalSection
	GlobalSection(SolutionProperties) = preSolution
		HideSolutionNode = FALSE
	EndGlobalSection
	GlobalSection(ProjectConfigurationPlatforms) = postSolution
		{0BBCEB89-255C-4E84-8CBB-86E554AE9959}.Debug|Any CPU.ActiveCfg = Debug|Any CPU
		{0BBCEB89-255C-4E84-8CBB-86E554AE9959}.Debug|Any CPU.Build.0 = Debug|Any CPU
		{0BBCEB89-255C-4E84-8CBB-86E554AE9959}.Release|Any CPU.ActiveCfg = Release|Any CPU
		{0BBCEB89-255C-4E84-8CBB-86E554AE9959}.Release|Any CPU.Build.0 = Release|Any CPU
		{00F5E5CB-262B-4547-BBD4-A0F6C76B3C8C}.Debug|Any CPU.ActiveCfg = Debug|Any CPU
		{00F5E5CB-262B-4547-BBD4-A0F6C76B3C8C}.Debug|Any CPU.Build.0 = Debug|Any CPU
		{00F5E5CB-262B-4547-BBD4-A0F6C76B3C8C}.Release|Any CPU.ActiveCfg = Release|Any CPU
		{00F5E5CB-262B-4547-BBD4-A0F6C76B3C8C}.Release|Any CPU.Build.0 = Release|Any CPU
		{C73C9C6B-5F33-4D0F-896B-99AABC86FC07}.Debug|Any CPU.ActiveCfg = Debug|Any CPU
		{C73C9C6B-5F33-4D0F-896B-99AABC86FC07}.Debug|Any CPU.Build.0 = Debug|Any CPU
		{C73C9C6B-5F33-4D0F-896B-99AABC86FC07}.Release|Any CPU.ActiveCfg = Release|Any CPU
		{C73C9C6B-5F33-4D0F-896B-99AABC86FC07}.Release|Any CPU.Build.0 = Release|Any CPU
		{0D2E0A1D-1CA0-41CF-8F90-4BB61E557441}.Debug|Any CPU.ActiveCfg = Debug|Any CPU
		{0D2E0A1D-1CA0-41CF-8F90-4BB61E557441}.Debug|Any CPU.Build.0 = Debug|Any CPU
		{0D2E0A1D-1CA0-41CF-8F90-4BB61E557441}.Release|Any CPU.ActiveCfg = Release|Any CPU
		{0D2E0A1D-1CA0-41CF-8F90-4BB61E557441}.Release|Any CPU.Build.0 = Release|Any CPU
		{CC78144B-243C-4C34-B6F9-EDC69D68582C}.Debug|Any CPU.ActiveCfg = Debug|Any CPU
		{CC78144B-243C-4C34-B6F9-EDC69D68582C}.Debug|Any CPU.Build.0 = Debug|Any CPU
		{CC78144B-243C-4C34-B6F9-EDC69D68582C}.Release|Any CPU.ActiveCfg = Release|Any CPU
		{CC78144B-243C-4C34-B6F9-EDC69D68582C}.Release|Any CPU.Build.0 = Release|Any CPU
	EndGlobalSection
EndGlobal
